
Microsoft Visual Studio Solution File, Format Version 12.00
# Visual Studio Version 17
VisualStudioVersion = 17.5.2.0
MinimumVisualStudioVersion = 10.0.40219.1
Project("{2150E333-8FDC-42A3-9474-1A3956D46DE8}") = "backend", "backend", "{1AE8ACA6-933B-BF2A-3671-3E2EAC007D16}"
EndProject
Project("{FAE04EC0-301F-11D3-BF4B-00C04F79EFBC}") = "TrailmarksApi", "backend\src\TrailmarksApi.csproj", "{F36B3BCE-C7EB-2571-9206-5BBE8DD45CA0}"
EndProject
Project("{FAE04EC0-301F-11D3-BF4B-00C04F79EFBC}") = "TrailmarksApi.Tests", "backend\test\TrailmarksApi.Tests.csproj", "{A52614E3-5E2B-F215-8B5F-C8375DA9A0C0}"
EndProject
Project("{2150E333-8FDC-42A3-9474-1A3956D46DE8}") = "migrations", "migrations", "{AAD6E865-D52E-CE53-B91F-CB8B0E672DF0}"
EndProject
Project("{FAE04EC0-301F-11D3-BF4B-00C04F79EFBC}") = "TrailmarksApi.Migrations", "backend\src\migrations\TrailmarksApi.Migrations.csproj", "{A4D27A6B-25B7-4000-9484-D8E7F41DAF8A}"
EndProject
Global
	GlobalSection(SolutionConfigurationPlatforms) = preSolution
		Debug|Any CPU = Debug|Any CPU
		Debug|x64 = Debug|x64
		Debug|x86 = Debug|x86
		Release|Any CPU = Release|Any CPU
		Release|x64 = Release|x64
		Release|x86 = Release|x86
	EndGlobalSection
	GlobalSection(ProjectConfigurationPlatforms) = postSolution
		{F36B3BCE-C7EB-2571-9206-5BBE8DD45CA0}.Debug|Any CPU.ActiveCfg = Debug|Any CPU
		{F36B3BCE-C7EB-2571-9206-5BBE8DD45CA0}.Debug|Any CPU.Build.0 = Debug|Any CPU
		{F36B3BCE-C7EB-2571-9206-5BBE8DD45CA0}.Debug|x64.ActiveCfg = Debug|Any CPU
		{F36B3BCE-C7EB-2571-9206-5BBE8DD45CA0}.Debug|x64.Build.0 = Debug|Any CPU
		{F36B3BCE-C7EB-2571-9206-5BBE8DD45CA0}.Debug|x86.ActiveCfg = Debug|Any CPU
		{F36B3BCE-C7EB-2571-9206-5BBE8DD45CA0}.Debug|x86.Build.0 = Debug|Any CPU
		{F36B3BCE-C7EB-2571-9206-5BBE8DD45CA0}.Release|Any CPU.ActiveCfg = Release|Any CPU
		{F36B3BCE-C7EB-2571-9206-5BBE8DD45CA0}.Release|Any CPU.Build.0 = Release|Any CPU
		{F36B3BCE-C7EB-2571-9206-5BBE8DD45CA0}.Release|x64.ActiveCfg = Release|Any CPU
		{F36B3BCE-C7EB-2571-9206-5BBE8DD45CA0}.Release|x64.Build.0 = Release|Any CPU
		{F36B3BCE-C7EB-2571-9206-5BBE8DD45CA0}.Release|x86.ActiveCfg = Release|Any CPU
		{F36B3BCE-C7EB-2571-9206-5BBE8DD45CA0}.Release|x86.Build.0 = Release|Any CPU
		{A52614E3-5E2B-F215-8B5F-C8375DA9A0C0}.Debug|Any CPU.ActiveCfg = Debug|Any CPU
		{A52614E3-5E2B-F215-8B5F-C8375DA9A0C0}.Debug|Any CPU.Build.0 = Debug|Any CPU
		{A52614E3-5E2B-F215-8B5F-C8375DA9A0C0}.Debug|x64.ActiveCfg = Debug|Any CPU
		{A52614E3-5E2B-F215-8B5F-C8375DA9A0C0}.Debug|x64.Build.0 = Debug|Any CPU
		{A52614E3-5E2B-F215-8B5F-C8375DA9A0C0}.Debug|x86.ActiveCfg = Debug|Any CPU
		{A52614E3-5E2B-F215-8B5F-C8375DA9A0C0}.Debug|x86.Build.0 = Debug|Any CPU
		{A52614E3-5E2B-F215-8B5F-C8375DA9A0C0}.Release|Any CPU.ActiveCfg = Release|Any CPU
		{A52614E3-5E2B-F215-8B5F-C8375DA9A0C0}.Release|Any CPU.Build.0 = Release|Any CPU
		{A52614E3-5E2B-F215-8B5F-C8375DA9A0C0}.Release|x64.ActiveCfg = Release|Any CPU
		{A52614E3-5E2B-F215-8B5F-C8375DA9A0C0}.Release|x64.Build.0 = Release|Any CPU
		{A52614E3-5E2B-F215-8B5F-C8375DA9A0C0}.Release|x86.ActiveCfg = Release|Any CPU
		{A52614E3-5E2B-F215-8B5F-C8375DA9A0C0}.Release|x86.Build.0 = Release|Any CPU
		{A4D27A6B-25B7-4000-9484-D8E7F41DAF8A}.Debug|Any CPU.ActiveCfg = Debug|Any CPU
		{A4D27A6B-25B7-4000-9484-D8E7F41DAF8A}.Debug|Any CPU.Build.0 = Debug|Any CPU
		{A4D27A6B-25B7-4000-9484-D8E7F41DAF8A}.Debug|x64.ActiveCfg = Debug|Any CPU
		{A4D27A6B-25B7-4000-9484-D8E7F41DAF8A}.Debug|x64.Build.0 = Debug|Any CPU
		{A4D27A6B-25B7-4000-9484-D8E7F41DAF8A}.Debug|x86.ActiveCfg = Debug|Any CPU
		{A4D27A6B-25B7-4000-9484-D8E7F41DAF8A}.Debug|x86.Build.0 = Debug|Any CPU
		{A4D27A6B-25B7-4000-9484-D8E7F41DAF8A}.Release|Any CPU.ActiveCfg = Release|Any CPU
		{A4D27A6B-25B7-4000-9484-D8E7F41DAF8A}.Release|Any CPU.Build.0 = Release|Any CPU
		{A4D27A6B-25B7-4000-9484-D8E7F41DAF8A}.Release|x64.ActiveCfg = Release|Any CPU
		{A4D27A6B-25B7-4000-9484-D8E7F41DAF8A}.Release|x64.Build.0 = Release|Any CPU
		{A4D27A6B-25B7-4000-9484-D8E7F41DAF8A}.Release|x86.ActiveCfg = Release|Any CPU
		{A4D27A6B-25B7-4000-9484-D8E7F41DAF8A}.Release|x86.Build.0 = Release|Any CPU
	EndGlobalSection
	GlobalSection(SolutionProperties) = preSolution
		HideSolutionNode = FALSE
	EndGlobalSection
	GlobalSection(NestedProjects) = preSolution
		{F36B3BCE-C7EB-2571-9206-5BBE8DD45CA0} = {1AE8ACA6-933B-BF2A-3671-3E2EAC007D16}
		{A52614E3-5E2B-F215-8B5F-C8375DA9A0C0} = {1AE8ACA6-933B-BF2A-3671-3E2EAC007D16}
		{AAD6E865-D52E-CE53-B91F-CB8B0E672DF0} = {1AE8ACA6-933B-BF2A-3671-3E2EAC007D16}
		{A4D27A6B-25B7-4000-9484-D8E7F41DAF8A} = {AAD6E865-D52E-CE53-B91F-CB8B0E672DF0}
	EndGlobalSection
	GlobalSection(ExtensibilityGlobals) = postSolution
		SolutionGuid = {AFAB3CF2-919B-4979-9C92-3BA69DC00A3F}
	EndGlobalSection
EndGlobal
